// !$*UTF8*$!
{
	archiveVersion = 1;
	classes = {
	};
	objectVersion = 50;
	objects = {

/* Begin PBXBuildFile section */
		520B43F8266D6FA6003AECF0 /* MsgDevicesApp.swift in Sources */ = {isa = PBXBuildFile; fileRef = 520B43F7266D6FA6003AECF0 /* MsgDevicesApp.swift */; };
		520B43FA266D6FA6003AECF0 /* ContentView.swift in Sources */ = {isa = PBXBuildFile; fileRef = 520B43F9266D6FA6003AECF0 /* ContentView.swift */; };
		520B43FC266D6FA7003AECF0 /* Assets.xcassets in Resources */ = {isa = PBXBuildFile; fileRef = 520B43FB266D6FA7003AECF0 /* Assets.xcassets */; };
		520B43FF266D6FA7003AECF0 /* Preview Assets.xcassets in Resources */ = {isa = PBXBuildFile; fileRef = 520B43FE266D6FA7003AECF0 /* Preview Assets.xcassets */; };
		520B440A266D6FA7003AECF0 /* MsgDevicesTests.swift in Sources */ = {isa = PBXBuildFile; fileRef = 520B4409266D6FA7003AECF0 /* MsgDevicesTests.swift */; };
		520B4415266D6FA7003AECF0 /* MsgDevicesUITests.swift in Sources */ = {isa = PBXBuildFile; fileRef = 520B4414266D6FA7003AECF0 /* MsgDevicesUITests.swift */; };
		520B4423266D710D003AECF0 /* MainListView.swift in Sources */ = {isa = PBXBuildFile; fileRef = 520B4422266D710D003AECF0 /* MainListView.swift */; };
		520B4426266D7384003AECF0 /* MsgModel.swift in Sources */ = {isa = PBXBuildFile; fileRef = 520B4425266D7384003AECF0 /* MsgModel.swift */; };
		520B4428266D7903003AECF0 /* ActivityDisplayView.swift in Sources */ = {isa = PBXBuildFile; fileRef = 520B4427266D7903003AECF0 /* ActivityDisplayView.swift */; };
		5220182C2677C5FC00C36B2A /* ConnectionDisplayView.swift in Sources */ = {isa = PBXBuildFile; fileRef = 5220182B2677C5FC00C36B2A /* ConnectionDisplayView.swift */; };
		522018322679472E00C36B2A /* Assets.xcassets in Resources */ = {isa = PBXBuildFile; fileRef = 522018312679472E00C36B2A /* Assets.xcassets */; };
		522018392679472E00C36B2A /* MsgDevicesWatch Extension.appex in Embed App Extensions */ = {isa = PBXBuildFile; fileRef = 522018382679472E00C36B2A /* MsgDevicesWatch Extension.appex */; settings = {ATTRIBUTES = (RemoveHeadersOnCopy, ); }; };
		5220183E2679472E00C36B2A /* MsgDevicesApp.swift in Sources */ = {isa = PBXBuildFile; fileRef = 5220183D2679472E00C36B2A /* MsgDevicesApp.swift */; };
		522018402679472E00C36B2A /* ContentView.swift in Sources */ = {isa = PBXBuildFile; fileRef = 5220183F2679472E00C36B2A /* ContentView.swift */; };
		522018422679472E00C36B2A /* NotificationController.swift in Sources */ = {isa = PBXBuildFile; fileRef = 522018412679472E00C36B2A /* NotificationController.swift */; };
		522018442679472E00C36B2A /* NotificationView.swift in Sources */ = {isa = PBXBuildFile; fileRef = 522018432679472E00C36B2A /* NotificationView.swift */; };
		522018462679472E00C36B2A /* ComplicationController.swift in Sources */ = {isa = PBXBuildFile; fileRef = 522018452679472E00C36B2A /* ComplicationController.swift */; };
		522018482679472F00C36B2A /* Assets.xcassets in Resources */ = {isa = PBXBuildFile; fileRef = 522018472679472F00C36B2A /* Assets.xcassets */; };
		5220184B2679472F00C36B2A /* Preview Assets.xcassets in Resources */ = {isa = PBXBuildFile; fileRef = 5220184A2679472F00C36B2A /* Preview Assets.xcassets */; };
		522018502679472F00C36B2A /* MsgDevicesWatch.app in Embed Watch Content */ = {isa = PBXBuildFile; fileRef = 5220182F2679472900C36B2A /* MsgDevicesWatch.app */; settings = {ATTRIBUTES = (RemoveHeadersOnCopy, ); }; };
/* End PBXBuildFile section */

/* Begin PBXContainerItemProxy section */
		520B4406266D6FA7003AECF0 /* PBXContainerItemProxy */ = {
			isa = PBXContainerItemProxy;
			containerPortal = 520B43EC266D6FA6003AECF0 /* Project object */;
			proxyType = 1;
			remoteGlobalIDString = 520B43F3266D6FA6003AECF0;
			remoteInfo = MsgDevices;
		};
		520B4411266D6FA7003AECF0 /* PBXContainerItemProxy */ = {
			isa = PBXContainerItemProxy;
			containerPortal = 520B43EC266D6FA6003AECF0 /* Project object */;
			proxyType = 1;
			remoteGlobalIDString = 520B43F3266D6FA6003AECF0;
			remoteInfo = MsgDevices;
		};
		5220183A2679472E00C36B2A /* PBXContainerItemProxy */ = {
			isa = PBXContainerItemProxy;
			containerPortal = 520B43EC266D6FA6003AECF0 /* Project object */;
			proxyType = 1;
			remoteGlobalIDString = 522018372679472E00C36B2A;
			remoteInfo = "MsgDevicesWatch Extension";
		};
		5220184E2679472F00C36B2A /* PBXContainerItemProxy */ = {
			isa = PBXContainerItemProxy;
			containerPortal = 520B43EC266D6FA6003AECF0 /* Project object */;
			proxyType = 1;
			remoteGlobalIDString = 5220182E2679472900C36B2A;
			remoteInfo = MsgDevicesWatch;
		};
/* End PBXContainerItemProxy section */

/* Begin PBXCopyFilesBuildPhase section */
		522018542679472F00C36B2A /* Embed App Extensions */ = {
			isa = PBXCopyFilesBuildPhase;
			buildActionMask = 2147483647;
			dstPath = "";
			dstSubfolderSpec = 13;
			files = (
				522018392679472E00C36B2A /* MsgDevicesWatch Extension.appex in Embed App Extensions */,
			);
			name = "Embed App Extensions";
			runOnlyForDeploymentPostprocessing = 0;
		};
		522018582679472F00C36B2A /* Embed Watch Content */ = {
			isa = PBXCopyFilesBuildPhase;
			buildActionMask = 2147483647;
			dstPath = "$(CONTENTS_FOLDER_PATH)/Watch";
			dstSubfolderSpec = 16;
			files = (
				522018502679472F00C36B2A /* MsgDevicesWatch.app in Embed Watch Content */,
			);
			name = "Embed Watch Content";
			runOnlyForDeploymentPostprocessing = 0;
		};
/* End PBXCopyFilesBuildPhase section */

/* Begin PBXFileReference section */
		520B43F4266D6FA6003AECF0 /* MsgDevices.app */ = {isa = PBXFileReference; explicitFileType = wrapper.application; includeInIndex = 0; path = MsgDevices.app; sourceTree = BUILT_PRODUCTS_DIR; };
		520B43F7266D6FA6003AECF0 /* MsgDevicesApp.swift */ = {isa = PBXFileReference; lastKnownFileType = sourcecode.swift; path = MsgDevicesApp.swift; sourceTree = "<group>"; };
		520B43F9266D6FA6003AECF0 /* ContentView.swift */ = {isa = PBXFileReference; lastKnownFileType = sourcecode.swift; path = ContentView.swift; sourceTree = "<group>"; };
		520B43FB266D6FA7003AECF0 /* Assets.xcassets */ = {isa = PBXFileReference; lastKnownFileType = folder.assetcatalog; path = Assets.xcassets; sourceTree = "<group>"; };
		520B43FE266D6FA7003AECF0 /* Preview Assets.xcassets */ = {isa = PBXFileReference; lastKnownFileType = folder.assetcatalog; path = "Preview Assets.xcassets"; sourceTree = "<group>"; };
		520B4400266D6FA7003AECF0 /* Info.plist */ = {isa = PBXFileReference; lastKnownFileType = text.plist.xml; path = Info.plist; sourceTree = "<group>"; };
		520B4405266D6FA7003AECF0 /* MsgDevicesTests.xctest */ = {isa = PBXFileReference; explicitFileType = wrapper.cfbundle; includeInIndex = 0; path = MsgDevicesTests.xctest; sourceTree = BUILT_PRODUCTS_DIR; };
		520B4409266D6FA7003AECF0 /* MsgDevicesTests.swift */ = {isa = PBXFileReference; lastKnownFileType = sourcecode.swift; path = MsgDevicesTests.swift; sourceTree = "<group>"; };
		520B440B266D6FA7003AECF0 /* Info.plist */ = {isa = PBXFileReference; lastKnownFileType = text.plist.xml; path = Info.plist; sourceTree = "<group>"; };
		520B4410266D6FA7003AECF0 /* MsgDevicesUITests.xctest */ = {isa = PBXFileReference; explicitFileType = wrapper.cfbundle; includeInIndex = 0; path = MsgDevicesUITests.xctest; sourceTree = BUILT_PRODUCTS_DIR; };
		520B4414266D6FA7003AECF0 /* MsgDevicesUITests.swift */ = {isa = PBXFileReference; lastKnownFileType = sourcecode.swift; path = MsgDevicesUITests.swift; sourceTree = "<group>"; };
		520B4416266D6FA7003AECF0 /* Info.plist */ = {isa = PBXFileReference; lastKnownFileType = text.plist.xml; path = Info.plist; sourceTree = "<group>"; };
		520B4422266D710D003AECF0 /* MainListView.swift */ = {isa = PBXFileReference; lastKnownFileType = sourcecode.swift; path = MainListView.swift; sourceTree = "<group>"; };
		520B4425266D7384003AECF0 /* MsgModel.swift */ = {isa = PBXFileReference; lastKnownFileType = sourcecode.swift; path = MsgModel.swift; sourceTree = "<group>"; };
		520B4427266D7903003AECF0 /* ActivityDisplayView.swift */ = {isa = PBXFileReference; lastKnownFileType = sourcecode.swift; path = ActivityDisplayView.swift; sourceTree = "<group>"; };
		5220182B2677C5FC00C36B2A /* ConnectionDisplayView.swift */ = {isa = PBXFileReference; lastKnownFileType = sourcecode.swift; path = ConnectionDisplayView.swift; sourceTree = "<group>"; };
		5220182F2679472900C36B2A /* MsgDevicesWatch.app */ = {isa = PBXFileReference; explicitFileType = wrapper.application; includeInIndex = 0; path = MsgDevicesWatch.app; sourceTree = BUILT_PRODUCTS_DIR; };
		522018312679472E00C36B2A /* Assets.xcassets */ = {isa = PBXFileReference; lastKnownFileType = folder.assetcatalog; path = Assets.xcassets; sourceTree = "<group>"; };
		522018332679472E00C36B2A /* Info.plist */ = {isa = PBXFileReference; lastKnownFileType = text.plist.xml; path = Info.plist; sourceTree = "<group>"; };
		522018382679472E00C36B2A /* MsgDevicesWatch Extension.appex */ = {isa = PBXFileReference; explicitFileType = "wrapper.app-extension"; includeInIndex = 0; path = "MsgDevicesWatch Extension.appex"; sourceTree = BUILT_PRODUCTS_DIR; };
		5220183D2679472E00C36B2A /* MsgDevicesApp.swift */ = {isa = PBXFileReference; lastKnownFileType = sourcecode.swift; path = MsgDevicesApp.swift; sourceTree = "<group>"; };
		5220183F2679472E00C36B2A /* ContentView.swift */ = {isa = PBXFileReference; lastKnownFileType = sourcecode.swift; path = ContentView.swift; sourceTree = "<group>"; };
		522018412679472E00C36B2A /* NotificationController.swift */ = {isa = PBXFileReference; lastKnownFileType = sourcecode.swift; path = NotificationController.swift; sourceTree = "<group>"; };
		522018432679472E00C36B2A /* NotificationView.swift */ = {isa = PBXFileReference; lastKnownFileType = sourcecode.swift; path = NotificationView.swift; sourceTree = "<group>"; };
		522018452679472E00C36B2A /* ComplicationController.swift */ = {isa = PBXFileReference; lastKnownFileType = sourcecode.swift; path = ComplicationController.swift; sourceTree = "<group>"; };
		522018472679472F00C36B2A /* Assets.xcassets */ = {isa = PBXFileReference; lastKnownFileType = folder.assetcatalog; path = Assets.xcassets; sourceTree = "<group>"; };
		5220184A2679472F00C36B2A /* Preview Assets.xcassets */ = {isa = PBXFileReference; lastKnownFileType = folder.assetcatalog; path = "Preview Assets.xcassets"; sourceTree = "<group>"; };
		5220184C2679472F00C36B2A /* Info.plist */ = {isa = PBXFileReference; lastKnownFileType = text.plist.xml; path = Info.plist; sourceTree = "<group>"; };
		5220184D2679472F00C36B2A /* PushNotificationPayload.apns */ = {isa = PBXFileReference; lastKnownFileType = text; path = PushNotificationPayload.apns; sourceTree = "<group>"; };
/* End PBXFileReference section */

/* Begin PBXFrameworksBuildPhase section */
		520B43F1266D6FA6003AECF0 /* Frameworks */ = {
			isa = PBXFrameworksBuildPhase;
			buildActionMask = 2147483647;
			files = (
			);
			runOnlyForDeploymentPostprocessing = 0;
		};
		520B4402266D6FA7003AECF0 /* Frameworks */ = {
			isa = PBXFrameworksBuildPhase;
			buildActionMask = 2147483647;
			files = (
			);
			runOnlyForDeploymentPostprocessing = 0;
		};
		520B440D266D6FA7003AECF0 /* Frameworks */ = {
			isa = PBXFrameworksBuildPhase;
			buildActionMask = 2147483647;
			files = (
			);
			runOnlyForDeploymentPostprocessing = 0;
		};
		522018352679472E00C36B2A /* Frameworks */ = {
			isa = PBXFrameworksBuildPhase;
			buildActionMask = 2147483647;
			files = (
			);
			runOnlyForDeploymentPostprocessing = 0;
		};
/* End PBXFrameworksBuildPhase section */

/* Begin PBXGroup section */
		520B43EB266D6FA6003AECF0 = {
			isa = PBXGroup;
			children = (
				520B43F6266D6FA6003AECF0 /* MsgDevices */,
				520B4408266D6FA7003AECF0 /* MsgDevicesTests */,
				520B4413266D6FA7003AECF0 /* MsgDevicesUITests */,
				522018302679472900C36B2A /* MsgDevicesWatch */,
				5220183C2679472E00C36B2A /* MsgDevicesWatch Extension */,
				520B43F5266D6FA6003AECF0 /* Products */,
			);
			sourceTree = "<group>";
		};
		520B43F5266D6FA6003AECF0 /* Products */ = {
			isa = PBXGroup;
			children = (
				520B43F4266D6FA6003AECF0 /* MsgDevices.app */,
				520B4405266D6FA7003AECF0 /* MsgDevicesTests.xctest */,
				520B4410266D6FA7003AECF0 /* MsgDevicesUITests.xctest */,
				5220182F2679472900C36B2A /* MsgDevicesWatch.app */,
				522018382679472E00C36B2A /* MsgDevicesWatch Extension.appex */,
			);
			name = Products;
			sourceTree = "<group>";
		};
		520B43F6266D6FA6003AECF0 /* MsgDevices */ = {
			isa = PBXGroup;
			children = (
				520B4429266D79F8003AECF0 /* MainView */,
				520B43FB266D6FA7003AECF0 /* Assets.xcassets */,
				520B4400266D6FA7003AECF0 /* Info.plist */,
				520B4424266D7338003AECF0 /* Model */,
				520B43FD266D6FA7003AECF0 /* Preview Content */,
			);
			path = MsgDevices;
			sourceTree = "<group>";
		};
		520B43FD266D6FA7003AECF0 /* Preview Content */ = {
			isa = PBXGroup;
			children = (
				520B43FE266D6FA7003AECF0 /* Preview Assets.xcassets */,
			);
			path = "Preview Content";
			sourceTree = "<group>";
		};
		520B4408266D6FA7003AECF0 /* MsgDevicesTests */ = {
			isa = PBXGroup;
			children = (
				520B4409266D6FA7003AECF0 /* MsgDevicesTests.swift */,
				520B440B266D6FA7003AECF0 /* Info.plist */,
			);
			path = MsgDevicesTests;
			sourceTree = "<group>";
		};
		520B4413266D6FA7003AECF0 /* MsgDevicesUITests */ = {
			isa = PBXGroup;
			children = (
				520B4414266D6FA7003AECF0 /* MsgDevicesUITests.swift */,
				520B4416266D6FA7003AECF0 /* Info.plist */,
			);
			path = MsgDevicesUITests;
			sourceTree = "<group>";
		};
		520B4424266D7338003AECF0 /* Model */ = {
			isa = PBXGroup;
			children = (
				520B4425266D7384003AECF0 /* MsgModel.swift */,
			);
			path = Model;
			sourceTree = "<group>";
		};
		520B4429266D79F8003AECF0 /* MainView */ = {
			isa = PBXGroup;
			children = (
				520B43F7266D6FA6003AECF0 /* MsgDevicesApp.swift */,
				520B43F9266D6FA6003AECF0 /* ContentView.swift */,
				520B4422266D710D003AECF0 /* MainListView.swift */,
				520B4427266D7903003AECF0 /* ActivityDisplayView.swift */,
				5220182B2677C5FC00C36B2A /* ConnectionDisplayView.swift */,
			);
			path = MainView;
			sourceTree = "<group>";
		};
		522018302679472900C36B2A /* MsgDevicesWatch */ = {
			isa = PBXGroup;
			children = (
				522018312679472E00C36B2A /* Assets.xcassets */,
				522018332679472E00C36B2A /* Info.plist */,
			);
			path = MsgDevicesWatch;
			sourceTree = "<group>";
		};
		5220183C2679472E00C36B2A /* MsgDevicesWatch Extension */ = {
			isa = PBXGroup;
			children = (
				5220183D2679472E00C36B2A /* MsgDevicesApp.swift */,
				5220183F2679472E00C36B2A /* ContentView.swift */,
				522018412679472E00C36B2A /* NotificationController.swift */,
				522018432679472E00C36B2A /* NotificationView.swift */,
				522018452679472E00C36B2A /* ComplicationController.swift */,
				522018472679472F00C36B2A /* Assets.xcassets */,
				5220184C2679472F00C36B2A /* Info.plist */,
				5220184D2679472F00C36B2A /* PushNotificationPayload.apns */,
				522018492679472F00C36B2A /* Preview Content */,
			);
			path = "MsgDevicesWatch Extension";
			sourceTree = "<group>";
		};
		522018492679472F00C36B2A /* Preview Content */ = {
			isa = PBXGroup;
			children = (
				5220184A2679472F00C36B2A /* Preview Assets.xcassets */,
			);
			path = "Preview Content";
			sourceTree = "<group>";
		};
/* End PBXGroup section */

/* Begin PBXNativeTarget section */
		520B43F3266D6FA6003AECF0 /* MsgDevices */ = {
			isa = PBXNativeTarget;
			buildConfigurationList = 520B4419266D6FA7003AECF0 /* Build configuration list for PBXNativeTarget "MsgDevices" */;
			buildPhases = (
				520B43F0266D6FA6003AECF0 /* Sources */,
				520B43F1266D6FA6003AECF0 /* Frameworks */,
				520B43F2266D6FA6003AECF0 /* Resources */,
				522018582679472F00C36B2A /* Embed Watch Content */,
			);
			buildRules = (
			);
			dependencies = (
				5220184F2679472F00C36B2A /* PBXTargetDependency */,
			);
			name = MsgDevices;
			productName = MsgDevices;
			productReference = 520B43F4266D6FA6003AECF0 /* MsgDevices.app */;
			productType = "com.apple.product-type.application";
		};
		520B4404266D6FA7003AECF0 /* MsgDevicesTests */ = {
			isa = PBXNativeTarget;
			buildConfigurationList = 520B441C266D6FA7003AECF0 /* Build configuration list for PBXNativeTarget "MsgDevicesTests" */;
			buildPhases = (
				520B4401266D6FA7003AECF0 /* Sources */,
				520B4402266D6FA7003AECF0 /* Frameworks */,
				520B4403266D6FA7003AECF0 /* Resources */,
			);
			buildRules = (
			);
			dependencies = (
				520B4407266D6FA7003AECF0 /* PBXTargetDependency */,
			);
			name = MsgDevicesTests;
			productName = MsgDevicesTests;
			productReference = 520B4405266D6FA7003AECF0 /* MsgDevicesTests.xctest */;
			productType = "com.apple.product-type.bundle.unit-test";
		};
		520B440F266D6FA7003AECF0 /* MsgDevicesUITests */ = {
			isa = PBXNativeTarget;
			buildConfigurationList = 520B441F266D6FA7003AECF0 /* Build configuration list for PBXNativeTarget "MsgDevicesUITests" */;
			buildPhases = (
				520B440C266D6FA7003AECF0 /* Sources */,
				520B440D266D6FA7003AECF0 /* Frameworks */,
				520B440E266D6FA7003AECF0 /* Resources */,
			);
			buildRules = (
			);
			dependencies = (
				520B4412266D6FA7003AECF0 /* PBXTargetDependency */,
			);
			name = MsgDevicesUITests;
			productName = MsgDevicesUITests;
			productReference = 520B4410266D6FA7003AECF0 /* MsgDevicesUITests.xctest */;
			productType = "com.apple.product-type.bundle.ui-testing";
		};
		5220182E2679472900C36B2A /* MsgDevicesWatch */ = {
			isa = PBXNativeTarget;
			buildConfigurationList = 522018552679472F00C36B2A /* Build configuration list for PBXNativeTarget "MsgDevicesWatch" */;
			buildPhases = (
				5220182D2679472900C36B2A /* Resources */,
				522018542679472F00C36B2A /* Embed App Extensions */,
			);
			buildRules = (
			);
			dependencies = (
				5220183B2679472E00C36B2A /* PBXTargetDependency */,
			);
			name = MsgDevicesWatch;
			productName = MsgDevicesWatch;
			productReference = 5220182F2679472900C36B2A /* MsgDevicesWatch.app */;
			productType = "com.apple.product-type.application.watchapp2";
		};
		522018372679472E00C36B2A /* MsgDevicesWatch Extension */ = {
			isa = PBXNativeTarget;
			buildConfigurationList = 522018512679472F00C36B2A /* Build configuration list for PBXNativeTarget "MsgDevicesWatch Extension" */;
			buildPhases = (
				522018342679472E00C36B2A /* Sources */,
				522018352679472E00C36B2A /* Frameworks */,
				522018362679472E00C36B2A /* Resources */,
			);
			buildRules = (
			);
			dependencies = (
			);
			name = "MsgDevicesWatch Extension";
			productName = "MsgDevicesWatch Extension";
			productReference = 522018382679472E00C36B2A /* MsgDevicesWatch Extension.appex */;
			productType = "com.apple.product-type.watchkit2-extension";
		};
/* End PBXNativeTarget section */

/* Begin PBXProject section */
		520B43EC266D6FA6003AECF0 /* Project object */ = {
			isa = PBXProject;
			attributes = {
				LastSwiftUpdateCheck = 1250;
				LastUpgradeCheck = 1250;
				TargetAttributes = {
					520B43F3266D6FA6003AECF0 = {
						CreatedOnToolsVersion = 12.5;
					};
					520B4404266D6FA7003AECF0 = {
						CreatedOnToolsVersion = 12.5;
						TestTargetID = 520B43F3266D6FA6003AECF0;
					};
					520B440F266D6FA7003AECF0 = {
						CreatedOnToolsVersion = 12.5;
						TestTargetID = 520B43F3266D6FA6003AECF0;
					};
					5220182E2679472900C36B2A = {
						CreatedOnToolsVersion = 12.5;
					};
					522018372679472E00C36B2A = {
						CreatedOnToolsVersion = 12.5;
					};
				};
			};
			buildConfigurationList = 520B43EF266D6FA6003AECF0 /* Build configuration list for PBXProject "MsgDevices" */;
			compatibilityVersion = "Xcode 9.3";
			developmentRegion = en;
			hasScannedForEncodings = 0;
			knownRegions = (
				en,
				Base,
			);
			mainGroup = 520B43EB266D6FA6003AECF0;
			productRefGroup = 520B43F5266D6FA6003AECF0 /* Products */;
			projectDirPath = "";
			projectRoot = "";
			targets = (
				520B43F3266D6FA6003AECF0 /* MsgDevices */,
				520B4404266D6FA7003AECF0 /* MsgDevicesTests */,
				520B440F266D6FA7003AECF0 /* MsgDevicesUITests */,
				5220182E2679472900C36B2A /* MsgDevicesWatch */,
				522018372679472E00C36B2A /* MsgDevicesWatch Extension */,
			);
		};
/* End PBXProject section */

/* Begin PBXResourcesBuildPhase section */
		520B43F2266D6FA6003AECF0 /* Resources */ = {
			isa = PBXResourcesBuildPhase;
			buildActionMask = 2147483647;
			files = (
				520B43FF266D6FA7003AECF0 /* Preview Assets.xcassets in Resources */,
				520B43FC266D6FA7003AECF0 /* Assets.xcassets in Resources */,
			);
			runOnlyForDeploymentPostprocessing = 0;
		};
		520B4403266D6FA7003AECF0 /* Resources */ = {
			isa = PBXResourcesBuildPhase;
			buildActionMask = 2147483647;
			files = (
			);
			runOnlyForDeploymentPostprocessing = 0;
		};
		520B440E266D6FA7003AECF0 /* Resources */ = {
			isa = PBXResourcesBuildPhase;
			buildActionMask = 2147483647;
			files = (
			);
			runOnlyForDeploymentPostprocessing = 0;
		};
		5220182D2679472900C36B2A /* Resources */ = {
			isa = PBXResourcesBuildPhase;
			buildActionMask = 2147483647;
			files = (
				522018322679472E00C36B2A /* Assets.xcassets in Resources */,
			);
			runOnlyForDeploymentPostprocessing = 0;
		};
		522018362679472E00C36B2A /* Resources */ = {
			isa = PBXResourcesBuildPhase;
			buildActionMask = 2147483647;
			files = (
				5220184B2679472F00C36B2A /* Preview Assets.xcassets in Resources */,
				522018482679472F00C36B2A /* Assets.xcassets in Resources */,
			);
			runOnlyForDeploymentPostprocessing = 0;
		};
/* End PBXResourcesBuildPhase section */

/* Begin PBXSourcesBuildPhase section */
		520B43F0266D6FA6003AECF0 /* Sources */ = {
			isa = PBXSourcesBuildPhase;
			buildActionMask = 2147483647;
			files = (
				520B4428266D7903003AECF0 /* ActivityDisplayView.swift in Sources */,
				5220182C2677C5FC00C36B2A /* ConnectionDisplayView.swift in Sources */,
				520B43FA266D6FA6003AECF0 /* ContentView.swift in Sources */,
				520B4426266D7384003AECF0 /* MsgModel.swift in Sources */,
				520B4423266D710D003AECF0 /* MainListView.swift in Sources */,
				520B43F8266D6FA6003AECF0 /* MsgDevicesApp.swift in Sources */,
			);
			runOnlyForDeploymentPostprocessing = 0;
		};
		520B4401266D6FA7003AECF0 /* Sources */ = {
			isa = PBXSourcesBuildPhase;
			buildActionMask = 2147483647;
			files = (
				520B440A266D6FA7003AECF0 /* MsgDevicesTests.swift in Sources */,
			);
			runOnlyForDeploymentPostprocessing = 0;
		};
		520B440C266D6FA7003AECF0 /* Sources */ = {
			isa = PBXSourcesBuildPhase;
			buildActionMask = 2147483647;
			files = (
				520B4415266D6FA7003AECF0 /* MsgDevicesUITests.swift in Sources */,
			);
			runOnlyForDeploymentPostprocessing = 0;
		};
		522018342679472E00C36B2A /* Sources */ = {
			isa = PBXSourcesBuildPhase;
			buildActionMask = 2147483647;
			files = (
				522018422679472E00C36B2A /* NotificationController.swift in Sources */,
				522018402679472E00C36B2A /* ContentView.swift in Sources */,
				522018462679472E00C36B2A /* ComplicationController.swift in Sources */,
				5220183E2679472E00C36B2A /* MsgDevicesApp.swift in Sources */,
				522018442679472E00C36B2A /* NotificationView.swift in Sources */,
			);
			runOnlyForDeploymentPostprocessing = 0;
		};
/* End PBXSourcesBuildPhase section */

/* Begin PBXTargetDependency section */
		520B4407266D6FA7003AECF0 /* PBXTargetDependency */ = {
			isa = PBXTargetDependency;
			target = 520B43F3266D6FA6003AECF0 /* MsgDevices */;
			targetProxy = 520B4406266D6FA7003AECF0 /* PBXContainerItemProxy */;
		};
		520B4412266D6FA7003AECF0 /* PBXTargetDependency */ = {
			isa = PBXTargetDependency;
			target = 520B43F3266D6FA6003AECF0 /* MsgDevices */;
			targetProxy = 520B4411266D6FA7003AECF0 /* PBXContainerItemProxy */;
		};
		5220183B2679472E00C36B2A /* PBXTargetDependency */ = {
			isa = PBXTargetDependency;
			target = 522018372679472E00C36B2A /* MsgDevicesWatch Extension */;
			targetProxy = 5220183A2679472E00C36B2A /* PBXContainerItemProxy */;
		};
		5220184F2679472F00C36B2A /* PBXTargetDependency */ = {
			isa = PBXTargetDependency;
			target = 5220182E2679472900C36B2A /* MsgDevicesWatch */;
			targetProxy = 5220184E2679472F00C36B2A /* PBXContainerItemProxy */;
		};
/* End PBXTargetDependency section */

/* Begin XCBuildConfiguration section */
		520B4417266D6FA7003AECF0 /* Debug */ = {
			isa = XCBuildConfiguration;
			buildSettings = {
				ALWAYS_SEARCH_USER_PATHS = NO;
				CLANG_ANALYZER_NONNULL = YES;
				CLANG_ANALYZER_NUMBER_OBJECT_CONVERSION = YES_AGGRESSIVE;
				CLANG_CXX_LANGUAGE_STANDARD = "gnu++14";
				CLANG_CXX_LIBRARY = "libc++";
				CLANG_ENABLE_MODULES = YES;
				CLANG_ENABLE_OBJC_ARC = YES;
				CLANG_ENABLE_OBJC_WEAK = YES;
				CLANG_WARN_BLOCK_CAPTURE_AUTORELEASING = YES;
				CLANG_WARN_BOOL_CONVERSION = YES;
				CLANG_WARN_COMMA = YES;
				CLANG_WARN_CONSTANT_CONVERSION = YES;
				CLANG_WARN_DEPRECATED_OBJC_IMPLEMENTATIONS = YES;
				CLANG_WARN_DIRECT_OBJC_ISA_USAGE = YES_ERROR;
				CLANG_WARN_DOCUMENTATION_COMMENTS = YES;
				CLANG_WARN_EMPTY_BODY = YES;
				CLANG_WARN_ENUM_CONVERSION = YES;
				CLANG_WARN_INFINITE_RECURSION = YES;
				CLANG_WARN_INT_CONVERSION = YES;
				CLANG_WARN_NON_LITERAL_NULL_CONVERSION = YES;
				CLANG_WARN_OBJC_IMPLICIT_RETAIN_SELF = YES;
				CLANG_WARN_OBJC_LITERAL_CONVERSION = YES;
				CLANG_WARN_OBJC_ROOT_CLASS = YES_ERROR;
				CLANG_WARN_QUOTED_INCLUDE_IN_FRAMEWORK_HEADER = YES;
				CLANG_WARN_RANGE_LOOP_ANALYSIS = YES;
				CLANG_WARN_STRICT_PROTOTYPES = YES;
				CLANG_WARN_SUSPICIOUS_MOVE = YES;
				CLANG_WARN_UNGUARDED_AVAILABILITY = YES_AGGRESSIVE;
				CLANG_WARN_UNREACHABLE_CODE = YES;
				CLANG_WARN__DUPLICATE_METHOD_MATCH = YES;
				COPY_PHASE_STRIP = NO;
				DEBUG_INFORMATION_FORMAT = dwarf;
				ENABLE_STRICT_OBJC_MSGSEND = YES;
				ENABLE_TESTABILITY = YES;
				GCC_C_LANGUAGE_STANDARD = gnu11;
				GCC_DYNAMIC_NO_PIC = NO;
				GCC_NO_COMMON_BLOCKS = YES;
				GCC_OPTIMIZATION_LEVEL = 0;
				GCC_PREPROCESSOR_DEFINITIONS = (
					"DEBUG=1",
					"$(inherited)",
				);
				GCC_WARN_64_TO_32_BIT_CONVERSION = YES;
				GCC_WARN_ABOUT_RETURN_TYPE = YES_ERROR;
				GCC_WARN_UNDECLARED_SELECTOR = YES;
				GCC_WARN_UNINITIALIZED_AUTOS = YES_AGGRESSIVE;
				GCC_WARN_UNUSED_FUNCTION = YES;
				GCC_WARN_UNUSED_VARIABLE = YES;
				IPHONEOS_DEPLOYMENT_TARGET = 14.5;
				MTL_ENABLE_DEBUG_INFO = INCLUDE_SOURCE;
				MTL_FAST_MATH = YES;
				ONLY_ACTIVE_ARCH = YES;
				SDKROOT = iphoneos;
				SWIFT_ACTIVE_COMPILATION_CONDITIONS = DEBUG;
				SWIFT_OPTIMIZATION_LEVEL = "-Onone";
			};
			name = Debug;
		};
		520B4418266D6FA7003AECF0 /* Release */ = {
			isa = XCBuildConfiguration;
			buildSettings = {
				ALWAYS_SEARCH_USER_PATHS = NO;
				CLANG_ANALYZER_NONNULL = YES;
				CLANG_ANALYZER_NUMBER_OBJECT_CONVERSION = YES_AGGRESSIVE;
				CLANG_CXX_LANGUAGE_STANDARD = "gnu++14";
				CLANG_CXX_LIBRARY = "libc++";
				CLANG_ENABLE_MODULES = YES;
				CLANG_ENABLE_OBJC_ARC = YES;
				CLANG_ENABLE_OBJC_WEAK = YES;
				CLANG_WARN_BLOCK_CAPTURE_AUTORELEASING = YES;
				CLANG_WARN_BOOL_CONVERSION = YES;
				CLANG_WARN_COMMA = YES;
				CLANG_WARN_CONSTANT_CONVERSION = YES;
				CLANG_WARN_DEPRECATED_OBJC_IMPLEMENTATIONS = YES;
				CLANG_WARN_DIRECT_OBJC_ISA_USAGE = YES_ERROR;
				CLANG_WARN_DOCUMENTATION_COMMENTS = YES;
				CLANG_WARN_EMPTY_BODY = YES;
				CLANG_WARN_ENUM_CONVERSION = YES;
				CLANG_WARN_INFINITE_RECURSION = YES;
				CLANG_WARN_INT_CONVERSION = YES;
				CLANG_WARN_NON_LITERAL_NULL_CONVERSION = YES;
				CLANG_WARN_OBJC_IMPLICIT_RETAIN_SELF = YES;
				CLANG_WARN_OBJC_LITERAL_CONVERSION = YES;
				CLANG_WARN_OBJC_ROOT_CLASS = YES_ERROR;
				CLANG_WARN_QUOTED_INCLUDE_IN_FRAMEWORK_HEADER = YES;
				CLANG_WARN_RANGE_LOOP_ANALYSIS = YES;
				CLANG_WARN_STRICT_PROTOTYPES = YES;
				CLANG_WARN_SUSPICIOUS_MOVE = YES;
				CLANG_WARN_UNGUARDED_AVAILABILITY = YES_AGGRESSIVE;
				CLANG_WARN_UNREACHABLE_CODE = YES;
				CLANG_WARN__DUPLICATE_METHOD_MATCH = YES;
				COPY_PHASE_STRIP = NO;
				DEBUG_INFORMATION_FORMAT = "dwarf-with-dsym";
				ENABLE_NS_ASSERTIONS = NO;
				ENABLE_STRICT_OBJC_MSGSEND = YES;
				GCC_C_LANGUAGE_STANDARD = gnu11;
				GCC_NO_COMMON_BLOCKS = YES;
				GCC_WARN_64_TO_32_BIT_CONVERSION = YES;
				GCC_WARN_ABOUT_RETURN_TYPE = YES_ERROR;
				GCC_WARN_UNDECLARED_SELECTOR = YES;
				GCC_WARN_UNINITIALIZED_AUTOS = YES_AGGRESSIVE;
				GCC_WARN_UNUSED_FUNCTION = YES;
				GCC_WARN_UNUSED_VARIABLE = YES;
				IPHONEOS_DEPLOYMENT_TARGET = 14.5;
				MTL_ENABLE_DEBUG_INFO = NO;
				MTL_FAST_MATH = YES;
				SDKROOT = iphoneos;
				SWIFT_COMPILATION_MODE = wholemodule;
				SWIFT_OPTIMIZATION_LEVEL = "-O";
				VALIDATE_PRODUCT = YES;
			};
			name = Release;
		};
		520B441A266D6FA7003AECF0 /* Debug */ = {
			isa = XCBuildConfiguration;
			buildSettings = {
				ASSETCATALOG_COMPILER_APPICON_NAME = AppIcon;
				ASSETCATALOG_COMPILER_GLOBAL_ACCENT_COLOR_NAME = AccentColor;
				CODE_SIGN_STYLE = Automatic;
				DEVELOPMENT_ASSET_PATHS = "\"MsgDevices/Preview Content\"";
				DEVELOPMENT_TEAM = K97KHP3ZWG;
				ENABLE_PREVIEWS = YES;
				INFOPLIST_FILE = MsgDevices/Info.plist;
				IPHONEOS_DEPLOYMENT_TARGET = 14.0;
				LD_RUNPATH_SEARCH_PATHS = (
					"$(inherited)",
					"@executable_path/Frameworks",
				);
				PRODUCT_BUNDLE_IDENTIFIER = com.sunfishempire.MsgDevices;
				PRODUCT_NAME = "$(TARGET_NAME)";
				SWIFT_VERSION = 5.0;
				TARGETED_DEVICE_FAMILY = "1,2";
			};
			name = Debug;
		};
		520B441B266D6FA7003AECF0 /* Release */ = {
			isa = XCBuildConfiguration;
			buildSettings = {
				ASSETCATALOG_COMPILER_APPICON_NAME = AppIcon;
				ASSETCATALOG_COMPILER_GLOBAL_ACCENT_COLOR_NAME = AccentColor;
				CODE_SIGN_STYLE = Automatic;
				DEVELOPMENT_ASSET_PATHS = "\"MsgDevices/Preview Content\"";
				DEVELOPMENT_TEAM = K97KHP3ZWG;
				ENABLE_PREVIEWS = YES;
				INFOPLIST_FILE = MsgDevices/Info.plist;
				IPHONEOS_DEPLOYMENT_TARGET = 14.0;
				LD_RUNPATH_SEARCH_PATHS = (
					"$(inherited)",
					"@executable_path/Frameworks",
				);
				PRODUCT_BUNDLE_IDENTIFIER = com.sunfishempire.MsgDevices;
				PRODUCT_NAME = "$(TARGET_NAME)";
				SWIFT_VERSION = 5.0;
				TARGETED_DEVICE_FAMILY = "1,2";
			};
			name = Release;
		};
		520B441D266D6FA7003AECF0 /* Debug */ = {
			isa = XCBuildConfiguration;
			buildSettings = {
				ALWAYS_EMBED_SWIFT_STANDARD_LIBRARIES = YES;
				BUNDLE_LOADER = "$(TEST_HOST)";
				CODE_SIGN_STYLE = Automatic;
				DEVELOPMENT_TEAM = K97KHP3ZWG;
				INFOPLIST_FILE = MsgDevicesTests/Info.plist;
				IPHONEOS_DEPLOYMENT_TARGET = 14.0;
				LD_RUNPATH_SEARCH_PATHS = (
					"$(inherited)",
					"@executable_path/Frameworks",
					"@loader_path/Frameworks",
				);
				PRODUCT_BUNDLE_IDENTIFIER = com.sunfishempire.MsgDevicesTests;
				PRODUCT_NAME = "$(TARGET_NAME)";
				SWIFT_VERSION = 5.0;
				TARGETED_DEVICE_FAMILY = "1,2";
				TEST_HOST = "$(BUILT_PRODUCTS_DIR)/MsgDevices.app/MsgDevices";
			};
			name = Debug;
		};
		520B441E266D6FA7003AECF0 /* Release */ = {
			isa = XCBuildConfiguration;
			buildSettings = {
				ALWAYS_EMBED_SWIFT_STANDARD_LIBRARIES = YES;
				BUNDLE_LOADER = "$(TEST_HOST)";
				CODE_SIGN_STYLE = Automatic;
				DEVELOPMENT_TEAM = K97KHP3ZWG;
				INFOPLIST_FILE = MsgDevicesTests/Info.plist;
				IPHONEOS_DEPLOYMENT_TARGET = 14.0;
				LD_RUNPATH_SEARCH_PATHS = (
					"$(inherited)",
					"@executable_path/Frameworks",
					"@loader_path/Frameworks",
				);
				PRODUCT_BUNDLE_IDENTIFIER = com.sunfishempire.MsgDevicesTests;
				PRODUCT_NAME = "$(TARGET_NAME)";
				SWIFT_VERSION = 5.0;
				TARGETED_DEVICE_FAMILY = "1,2";
				TEST_HOST = "$(BUILT_PRODUCTS_DIR)/MsgDevices.app/MsgDevices";
			};
			name = Release;
		};
		520B4420266D6FA7003AECF0 /* Debug */ = {
			isa = XCBuildConfiguration;
			buildSettings = {
				ALWAYS_EMBED_SWIFT_STANDARD_LIBRARIES = YES;
				CODE_SIGN_STYLE = Automatic;
				DEVELOPMENT_TEAM = K97KHP3ZWG;
				INFOPLIST_FILE = MsgDevicesUITests/Info.plist;
				LD_RUNPATH_SEARCH_PATHS = (
					"$(inherited)",
					"@executable_path/Frameworks",
					"@loader_path/Frameworks",
				);
				PRODUCT_BUNDLE_IDENTIFIER = com.sunfishempire.MsgDevicesUITests;
				PRODUCT_NAME = "$(TARGET_NAME)";
				SWIFT_VERSION = 5.0;
				TARGETED_DEVICE_FAMILY = "1,2";
				TEST_TARGET_NAME = MsgDevices;
			};
			name = Debug;
		};
		520B4421266D6FA7003AECF0 /* Release */ = {
			isa = XCBuildConfiguration;
			buildSettings = {
				ALWAYS_EMBED_SWIFT_STANDARD_LIBRARIES = YES;
				CODE_SIGN_STYLE = Automatic;
				DEVELOPMENT_TEAM = K97KHP3ZWG;
				INFOPLIST_FILE = MsgDevicesUITests/Info.plist;
				LD_RUNPATH_SEARCH_PATHS = (
					"$(inherited)",
					"@executable_path/Frameworks",
					"@loader_path/Frameworks",
				);
				PRODUCT_BUNDLE_IDENTIFIER = com.sunfishempire.MsgDevicesUITests;
				PRODUCT_NAME = "$(TARGET_NAME)";
				SWIFT_VERSION = 5.0;
				TARGETED_DEVICE_FAMILY = "1,2";
				TEST_TARGET_NAME = MsgDevices;
			};
			name = Release;
		};
		522018522679472F00C36B2A /* Debug */ = {
			isa = XCBuildConfiguration;
			buildSettings = {
				ASSETCATALOG_COMPILER_COMPLICATION_NAME = Complication;
				CODE_SIGN_STYLE = Automatic;
				DEVELOPMENT_ASSET_PATHS = "\"MsgDevicesWatch Extension/Preview Content\"";
				DEVELOPMENT_TEAM = K97KHP3ZWG;
				ENABLE_PREVIEWS = YES;
				INFOPLIST_FILE = "MsgDevicesWatch Extension/Info.plist";
				LD_RUNPATH_SEARCH_PATHS = (
					"$(inherited)",
					"@executable_path/Frameworks",
					"@executable_path/../../Frameworks",
				);
				PRODUCT_BUNDLE_IDENTIFIER = com.sunfishempire.MsgDevices.watchkitapp.watchkitextension;
				PRODUCT_NAME = "${TARGET_NAME}";
				SDKROOT = watchos;
				SKIP_INSTALL = YES;
				SWIFT_VERSION = 5.0;
				TARGETED_DEVICE_FAMILY = 4;
				WATCHOS_DEPLOYMENT_TARGET = 7.4;
			};
			name = Debug;
		};
		522018532679472F00C36B2A /* Release */ = {
			isa = XCBuildConfiguration;
			buildSettings = {
				ASSETCATALOG_COMPILER_COMPLICATION_NAME = Complication;
				CODE_SIGN_STYLE = Automatic;
				DEVELOPMENT_ASSET_PATHS = "\"MsgDevicesWatch Extension/Preview Content\"";
				DEVELOPMENT_TEAM = K97KHP3ZWG;
				ENABLE_PREVIEWS = YES;
				INFOPLIST_FILE = "MsgDevicesWatch Extension/Info.plist";
				LD_RUNPATH_SEARCH_PATHS = (
					"$(inherited)",
					"@executable_path/Frameworks",
					"@executable_path/../../Frameworks",
				);
				PRODUCT_BUNDLE_IDENTIFIER = com.sunfishempire.MsgDevices.watchkitapp.watchkitextension;
				PRODUCT_NAME = "${TARGET_NAME}";
				SDKROOT = watchos;
				SKIP_INSTALL = YES;
				SWIFT_VERSION = 5.0;
				TARGETED_DEVICE_FAMILY = 4;
				WATCHOS_DEPLOYMENT_TARGET = 7.4;
			};
			name = Release;
		};
		522018562679472F00C36B2A /* Debug */ = {
			isa = XCBuildConfiguration;
			buildSettings = {
				ALWAYS_EMBED_SWIFT_STANDARD_LIBRARIES = YES;
				ASSETCATALOG_COMPILER_APPICON_NAME = AppIcon;
				ASSETCATALOG_COMPILER_GLOBAL_ACCENT_COLOR_NAME = AccentColor;
				CODE_SIGN_STYLE = Automatic;
				DEVELOPMENT_TEAM = K97KHP3ZWG;
				IBSC_MODULE = MsgDevicesWatch_Extension;
				INFOPLIST_FILE = MsgDevicesWatch/Info.plist;
				PRODUCT_BUNDLE_IDENTIFIER = com.sunfishempire.MsgDevices.watchkitapp;
				PRODUCT_NAME = "$(TARGET_NAME)";
				SDKROOT = watchos;
				SKIP_INSTALL = YES;
				SWIFT_VERSION = 5.0;
				TARGETED_DEVICE_FAMILY = 4;
				WATCHOS_DEPLOYMENT_TARGET = 7.4;
			};
			name = Debug;
		};
		522018572679472F00C36B2A /* Release */ = {
			isa = XCBuildConfiguration;
			buildSettings = {
				ALWAYS_EMBED_SWIFT_STANDARD_LIBRARIES = YES;
				ASSETCATALOG_COMPILER_APPICON_NAME = AppIcon;
				ASSETCATALOG_COMPILER_GLOBAL_ACCENT_COLOR_NAME = AccentColor;
				CODE_SIGN_STYLE = Automatic;
				DEVELOPMENT_TEAM = K97KHP3ZWG;
				IBSC_MODULE = MsgDevicesWatch_Extension;
				INFOPLIST_FILE = MsgDevicesWatch/Info.plist;
				PRODUCT_BUNDLE_IDENTIFIER = com.sunfishempire.MsgDevices.watchkitapp;
				PRODUCT_NAME = "$(TARGET_NAME)";
				SDKROOT = watchos;
				SKIP_INSTALL = YES;
				SWIFT_VERSION = 5.0;
				TARGETED_DEVICE_FAMILY = 4;
				WATCHOS_DEPLOYMENT_TARGET = 7.4;
			};
			name = Release;
		};
/* End XCBuildConfiguration section */

/* Begin XCConfigurationList section */
		520B43EF266D6FA6003AECF0 /* Build configuration list for PBXProject "MsgDevices" */ = {
			isa = XCConfigurationList;
			buildConfigurations = (
				520B4417266D6FA7003AECF0 /* Debug */,
				520B4418266D6FA7003AECF0 /* Release */,
			);
			defaultConfigurationIsVisible = 0;
			defaultConfigurationName = Release;
		};
		520B4419266D6FA7003AECF0 /* Build configuration list for PBXNativeTarget "MsgDevices" */ = {
			isa = XCConfigurationList;
			buildConfigurations = (
				520B441A266D6FA7003AECF0 /* Debug */,
				520B441B266D6FA7003AECF0 /* Release */,
			);
			defaultConfigurationIsVisible = 0;
			defaultConfigurationName = Release;
		};
		520B441C266D6FA7003AECF0 /* Build configuration list for PBXNativeTarget "MsgDevicesTests" */ = {
			isa = XCConfigurationList;
			buildConfigurations = (
				520B441D266D6FA7003AECF0 /* Debug */,
				520B441E266D6FA7003AECF0 /* Release */,
			);
			defaultConfigurationIsVisible = 0;
			defaultConfigurationName = Release;
		};
		520B441F266D6FA7003AECF0 /* Build configuration list for PBXNativeTarget "MsgDevicesUITests" */ = {
			isa = XCConfigurationList;
			buildConfigurations = (
				520B4420266D6FA7003AECF0 /* Debug */,
				520B4421266D6FA7003AECF0 /* Release */,
			);
			defaultConfigurationIsVisible = 0;
			defaultConfigurationName = Release;
		};
		522018512679472F00C36B2A /* Build configuration list for PBXNativeTarget "MsgDevicesWatch Extension" */ = {
			isa = XCConfigurationList;
			buildConfigurations = (
				522018522679472F00C36B2A /* Debug */,
				522018532679472F00C36B2A /* Release */,
			);
			defaultConfigurationIsVisible = 0;
			defaultConfigurationName = Release;
		};
		522018552679472F00C36B2A /* Build configuration list for PBXNativeTarget "MsgDevicesWatch" */ = {
			isa = XCConfigurationList;
			buildConfigurations = (
				522018562679472F00C36B2A /* Debug */,
				522018572679472F00C36B2A /* Release */,
			);
			defaultConfigurationIsVisible = 0;
			defaultConfigurationName = Release;
		};
/* End XCConfigurationList section */
	};
	rootObject = 520B43EC266D6FA6003AECF0 /* Project object */;
}
